
Microsoft Visual Studio Solution File, Format Version 12.00
# Visual Studio Version 17
VisualStudioVersion = 17.4.33205.214
MinimumVisualStudioVersion = 10.0.40219.1
Project("{FAE04EC0-301F-11D3-BF4B-00C04F79EFBC}") = "APICORE", "APICORE\APICORE.csproj", "{0843DAF7-3394-45F4-8E0D-BE09FB4E9142}"
EndProject
Global
	GlobalSection(SolutionConfigurationPlatforms) = preSolution
		Debug|Any CPU = Debug|Any CPU
		Release|Any CPU = Release|Any CPU
	EndGlobalSection
	GlobalSection(ProjectConfigurationPlatforms) = postSolution
		{0843DAF7-3394-45F4-8E0D-BE09FB4E9142}.Debug|Any CPU.ActiveCfg = Debug|Any CPU
		{0843DAF7-3394-45F4-8E0D-BE09FB4E9142}.Debug|Any CPU.Build.0 = Debug|Any CPU
		{0843DAF7-3394-45F4-8E0D-BE09FB4E9142}.Release|Any CPU.ActiveCfg = Release|Any CPU
		{0843DAF7-3394-45F4-8E0D-BE09FB4E9142}.Release|Any CPU.Build.0 = Release|Any CPU
	EndGlobalSection
	GlobalSection(SolutionProperties) = preSolution
		HideSolutionNode = FALSE
	EndGlobalSection
	GlobalSection(ExtensibilityGlobals) = postSolution
		SolutionGuid = {3F5982C9-1B5A-410C-820D-2422122E736C}
	EndGlobalSection
EndGlobal
